
Microsoft Visual Studio Solution File, Format Version 12.00
# Visual Studio Version 17
VisualStudioVersion = 17.7.34302.85
MinimumVisualStudioVersion = 10.0.40219.1
Project("{FAE04EC0-301F-11D3-BF4B-00C04F79EFBC}") = "WebServicesDemo", "WebServicesDemo\WebServicesDemo.csproj", "{BDC8154B-FABE-4512-B912-086BBFE5E0AA}"
EndProject
Project("{FAE04EC0-301F-11D3-BF4B-00C04F79EFBC}") = "HelloWebClient", "HelloWebClient\HelloWebClient.csproj", "{6D129FF4-54A2-495D-8347-8D8456329827}"
	ProjectSection(ProjectDependencies) = postProject
		{BDC8154B-FABE-4512-B912-086BBFE5E0AA} = {BDC8154B-FABE-4512-B912-086BBFE5E0AA}
	EndProjectSection
EndProject
Project("{2150E333-8FDC-42A3-9474-1A3956D46DE8}") = "RemotingService", "RemotingService", "{4A0628BF-6B06-4322-A894-46BE780CABC6}"
EndProject
Project("{FAE04EC0-301F-11D3-BF4B-00C04F79EFBC}") = "IHelloRemotingService", "IHelloRemotingService\IHelloRemotingService.csproj", "{2D368D5A-E6D8-4105-85DC-FAF79051BFBC}"
EndProject
Project("{FAE04EC0-301F-11D3-BF4B-00C04F79EFBC}") = "HelloRemotingService", "HelloRemotingService\HelloRemotingService.csproj", "{A4F94C4F-5D11-437F-9A9C-E986A665C9B9}"
EndProject
Project("{FAE04EC0-301F-11D3-BF4B-00C04F79EFBC}") = "RemotingServiceHost", "RemotingServiceHost\RemotingServiceHost.csproj", "{1E27F483-6364-47C1-88CB-9D90B9CE7641}"
EndProject
Project("{FAE04EC0-301F-11D3-BF4B-00C04F79EFBC}") = "HelloRemotingServiceClient", "HelloRemotingServiceClient\HelloRemotingServiceClient.csproj", "{3EFF3F62-4560-4FFC-90DE-54D17F2EFA3E}"
EndProject
Project("{2150E333-8FDC-42A3-9474-1A3956D46DE8}") = "WebService", "WebService", "{126937A9-36E4-4917-A386-7B413A1BCE40}"
EndProject
Project("{2150E333-8FDC-42A3-9474-1A3956D46DE8}") = "WCF", "WCF", "{B69127D0-2155-4385-AB1A-107AB736F685}"
EndProject
Project("{FAE04EC0-301F-11D3-BF4B-00C04F79EFBC}") = "HelloService", "HelloService\HelloService.csproj", "{E0118C30-2A8C-475E-9408-DF65FA09B7F2}"
EndProject
Project("{FAE04EC0-301F-11D3-BF4B-00C04F79EFBC}") = "HelloServiceHost", "HelloServiceHost\HelloServiceHost.csproj", "{4C60318D-C778-4C18-91A3-BA41A5021E6F}"
EndProject
Project("{FAE04EC0-301F-11D3-BF4B-00C04F79EFBC}") = "HelloWebClientWCF", "HelloWebClientWCF\HelloWebClientWCF.csproj", "{AE68CC7C-06F5-488E-B221-38F104675845}"
EndProject
Project("{FAE04EC0-301F-11D3-BF4B-00C04F79EFBC}") = "HelloWindowsClientWCF", "HelloWindowsClientWCF\HelloWindowsClientWCF.csproj", "{CF6F7ED0-20C6-4DA2-B3DD-FBB76611EFBC}"
EndProject
Project("{2150E333-8FDC-42A3-9474-1A3956D46DE8}") = "WCF-MultipleServiceContracts", "WCF-MultipleServiceContracts", "{B71C3B1B-C7A5-49A6-A96A-D702C92E79FE}"
EndProject
Project("{FAE04EC0-301F-11D3-BF4B-00C04F79EFBC}") = "CompanyService", "CompanyService\CompanyService.csproj", "{08832882-292E-4C06-A771-058FA54137ED}"
EndProject
Project("{FAE04EC0-301F-11D3-BF4B-00C04F79EFBC}") = "CompanyServiceHost", "CompanyServiceHost\CompanyServiceHost.csproj", "{355E71C6-9503-4287-9DFD-CF5607C28268}"
EndProject
Project("{FAE04EC0-301F-11D3-BF4B-00C04F79EFBC}") = "CompanyClient", "CompanyClient\CompanyClient.csproj", "{3476C4EF-8DD8-40EC-A89D-151DAD3BE119}"
EndProject
Project("{FAE04EC0-301F-11D3-BF4B-00C04F79EFBC}") = "EmployeeService", "EmployeeService\EmployeeService.csproj", "{FDD4BB53-A7A9-4728-AFE3-D6E7703E8236}"
EndProject
Project("{FAE04EC0-301F-11D3-BF4B-00C04F79EFBC}") = "EmployeeServiceHost", "EmployeeServiceHost\EmployeeServiceHost.csproj", "{B05346F7-05EB-4DDA-97A8-7AD10212F62B}"
EndProject
Project("{FAE04EC0-301F-11D3-BF4B-00C04F79EFBC}") = "EmployeeClientWeb", "EmployeeClientWeb\EmployeeClientWeb.csproj", "{95262D11-F006-4790-9F64-B8CC3EC7E3F1}"
EndProject
Project("{2150E333-8FDC-42A3-9474-1A3956D46DE8}") = "DataContractAndDataMembers", "DataContractAndDataMembers", "{EBC2127A-FE77-4205-A34A-A0B447B464BA}"
EndProject
Global
	GlobalSection(SolutionConfigurationPlatforms) = preSolution
		Debug|Any CPU = Debug|Any CPU
		Release|Any CPU = Release|Any CPU
	EndGlobalSection
	GlobalSection(ProjectConfigurationPlatforms) = postSolution
		{BDC8154B-FABE-4512-B912-086BBFE5E0AA}.Debug|Any CPU.ActiveCfg = Debug|Any CPU
		{BDC8154B-FABE-4512-B912-086BBFE5E0AA}.Debug|Any CPU.Build.0 = Debug|Any CPU
		{BDC8154B-FABE-4512-B912-086BBFE5E0AA}.Release|Any CPU.ActiveCfg = Release|Any CPU
		{BDC8154B-FABE-4512-B912-086BBFE5E0AA}.Release|Any CPU.Build.0 = Release|Any CPU
		{6D129FF4-54A2-495D-8347-8D8456329827}.Debug|Any CPU.ActiveCfg = Debug|Any CPU
		{6D129FF4-54A2-495D-8347-8D8456329827}.Debug|Any CPU.Build.0 = Debug|Any CPU
		{6D129FF4-54A2-495D-8347-8D8456329827}.Release|Any CPU.ActiveCfg = Release|Any CPU
		{6D129FF4-54A2-495D-8347-8D8456329827}.Release|Any CPU.Build.0 = Release|Any CPU
		{2D368D5A-E6D8-4105-85DC-FAF79051BFBC}.Debug|Any CPU.ActiveCfg = Debug|Any CPU
		{2D368D5A-E6D8-4105-85DC-FAF79051BFBC}.Debug|Any CPU.Build.0 = Debug|Any CPU
		{2D368D5A-E6D8-4105-85DC-FAF79051BFBC}.Release|Any CPU.ActiveCfg = Release|Any CPU
		{2D368D5A-E6D8-4105-85DC-FAF79051BFBC}.Release|Any CPU.Build.0 = Release|Any CPU
		{A4F94C4F-5D11-437F-9A9C-E986A665C9B9}.Debug|Any CPU.ActiveCfg = Debug|Any CPU
		{A4F94C4F-5D11-437F-9A9C-E986A665C9B9}.Debug|Any CPU.Build.0 = Debug|Any CPU
		{A4F94C4F-5D11-437F-9A9C-E986A665C9B9}.Release|Any CPU.ActiveCfg = Release|Any CPU
		{A4F94C4F-5D11-437F-9A9C-E986A665C9B9}.Release|Any CPU.Build.0 = Release|Any CPU
		{1E27F483-6364-47C1-88CB-9D90B9CE7641}.Debug|Any CPU.ActiveCfg = Debug|Any CPU
		{1E27F483-6364-47C1-88CB-9D90B9CE7641}.Debug|Any CPU.Build.0 = Debug|Any CPU
		{1E27F483-6364-47C1-88CB-9D90B9CE7641}.Release|Any CPU.ActiveCfg = Release|Any CPU
		{1E27F483-6364-47C1-88CB-9D90B9CE7641}.Release|Any CPU.Build.0 = Release|Any CPU
		{3EFF3F62-4560-4FFC-90DE-54D17F2EFA3E}.Debug|Any CPU.ActiveCfg = Debug|Any CPU
		{3EFF3F62-4560-4FFC-90DE-54D17F2EFA3E}.Debug|Any CPU.Build.0 = Debug|Any CPU
		{3EFF3F62-4560-4FFC-90DE-54D17F2EFA3E}.Release|Any CPU.ActiveCfg = Release|Any CPU
		{3EFF3F62-4560-4FFC-90DE-54D17F2EFA3E}.Release|Any CPU.Build.0 = Release|Any CPU
		{E0118C30-2A8C-475E-9408-DF65FA09B7F2}.Debug|Any CPU.ActiveCfg = Debug|Any CPU
		{E0118C30-2A8C-475E-9408-DF65FA09B7F2}.Debug|Any CPU.Build.0 = Debug|Any CPU
		{E0118C30-2A8C-475E-9408-DF65FA09B7F2}.Release|Any CPU.ActiveCfg = Release|Any CPU
		{E0118C30-2A8C-475E-9408-DF65FA09B7F2}.Release|Any CPU.Build.0 = Release|Any CPU
		{4C60318D-C778-4C18-91A3-BA41A5021E6F}.Debug|Any CPU.ActiveCfg = Debug|Any CPU
		{4C60318D-C778-4C18-91A3-BA41A5021E6F}.Debug|Any CPU.Build.0 = Debug|Any CPU
		{4C60318D-C778-4C18-91A3-BA41A5021E6F}.Release|Any CPU.ActiveCfg = Release|Any CPU
		{4C60318D-C778-4C18-91A3-BA41A5021E6F}.Release|Any CPU.Build.0 = Release|Any CPU
		{AE68CC7C-06F5-488E-B221-38F104675845}.Debug|Any CPU.ActiveCfg = Debug|Any CPU
		{AE68CC7C-06F5-488E-B221-38F104675845}.Debug|Any CPU.Build.0 = Debug|Any CPU
		{AE68CC7C-06F5-488E-B221-38F104675845}.Release|Any CPU.ActiveCfg = Release|Any CPU
		{AE68CC7C-06F5-488E-B221-38F104675845}.Release|Any CPU.Build.0 = Release|Any CPU
		{CF6F7ED0-20C6-4DA2-B3DD-FBB76611EFBC}.Debug|Any CPU.ActiveCfg = Debug|Any CPU
		{CF6F7ED0-20C6-4DA2-B3DD-FBB76611EFBC}.Debug|Any CPU.Build.0 = Debug|Any CPU
		{CF6F7ED0-20C6-4DA2-B3DD-FBB76611EFBC}.Release|Any CPU.ActiveCfg = Release|Any CPU
		{CF6F7ED0-20C6-4DA2-B3DD-FBB76611EFBC}.Release|Any CPU.Build.0 = Release|Any CPU
		{08832882-292E-4C06-A771-058FA54137ED}.Debug|Any CPU.ActiveCfg = Debug|Any CPU
		{08832882-292E-4C06-A771-058FA54137ED}.Debug|Any CPU.Build.0 = Debug|Any CPU
		{08832882-292E-4C06-A771-058FA54137ED}.Release|Any CPU.ActiveCfg = Release|Any CPU
		{08832882-292E-4C06-A771-058FA54137ED}.Release|Any CPU.Build.0 = Release|Any CPU
		{355E71C6-9503-4287-9DFD-CF5607C28268}.Debug|Any CPU.ActiveCfg = Debug|Any CPU
		{355E71C6-9503-4287-9DFD-CF5607C28268}.Debug|Any CPU.Build.0 = Debug|Any CPU
		{355E71C6-9503-4287-9DFD-CF5607C28268}.Release|Any CPU.ActiveCfg = Release|Any CPU
		{355E71C6-9503-4287-9DFD-CF5607C28268}.Release|Any CPU.Build.0 = Release|Any CPU
		{3476C4EF-8DD8-40EC-A89D-151DAD3BE119}.Debug|Any CPU.ActiveCfg = Debug|Any CPU
		{3476C4EF-8DD8-40EC-A89D-151DAD3BE119}.Debug|Any CPU.Build.0 = Debug|Any CPU
		{3476C4EF-8DD8-40EC-A89D-151DAD3BE119}.Release|Any CPU.ActiveCfg = Release|Any CPU
		{3476C4EF-8DD8-40EC-A89D-151DAD3BE119}.Release|Any CPU.Build.0 = Release|Any CPU
		{FDD4BB53-A7A9-4728-AFE3-D6E7703E8236}.Debug|Any CPU.ActiveCfg = Debug|Any CPU
		{FDD4BB53-A7A9-4728-AFE3-D6E7703E8236}.Debug|Any CPU.Build.0 = Debug|Any CPU
		{FDD4BB53-A7A9-4728-AFE3-D6E7703E8236}.Release|Any CPU.ActiveCfg = Release|Any CPU
		{FDD4BB53-A7A9-4728-AFE3-D6E7703E8236}.Release|Any CPU.Build.0 = Release|Any CPU
		{B05346F7-05EB-4DDA-97A8-7AD10212F62B}.Debug|Any CPU.ActiveCfg = Debug|Any CPU
		{B05346F7-05EB-4DDA-97A8-7AD10212F62B}.Debug|Any CPU.Build.0 = Debug|Any CPU
		{B05346F7-05EB-4DDA-97A8-7AD10212F62B}.Release|Any CPU.ActiveCfg = Release|Any CPU
		{B05346F7-05EB-4DDA-97A8-7AD10212F62B}.Release|Any CPU.Build.0 = Release|Any CPU
		{95262D11-F006-4790-9F64-B8CC3EC7E3F1}.Debug|Any CPU.ActiveCfg = Debug|Any CPU
		{95262D11-F006-4790-9F64-B8CC3EC7E3F1}.Debug|Any CPU.Build.0 = Debug|Any CPU
		{95262D11-F006-4790-9F64-B8CC3EC7E3F1}.Release|Any CPU.ActiveCfg = Release|Any CPU
		{95262D11-F006-4790-9F64-B8CC3EC7E3F1}.Release|Any CPU.Build.0 = Release|Any CPU
	EndGlobalSection
	GlobalSection(SolutionProperties) = preSolution
		HideSolutionNode = FALSE
	EndGlobalSection
	GlobalSection(NestedProjects) = preSolution
		{BDC8154B-FABE-4512-B912-086BBFE5E0AA} = {126937A9-36E4-4917-A386-7B413A1BCE40}
		{6D129FF4-54A2-495D-8347-8D8456329827} = {126937A9-36E4-4917-A386-7B413A1BCE40}
		{2D368D5A-E6D8-4105-85DC-FAF79051BFBC} = {4A0628BF-6B06-4322-A894-46BE780CABC6}
		{A4F94C4F-5D11-437F-9A9C-E986A665C9B9} = {4A0628BF-6B06-4322-A894-46BE780CABC6}
		{1E27F483-6364-47C1-88CB-9D90B9CE7641} = {4A0628BF-6B06-4322-A894-46BE780CABC6}
		{3EFF3F62-4560-4FFC-90DE-54D17F2EFA3E} = {4A0628BF-6B06-4322-A894-46BE780CABC6}
		{E0118C30-2A8C-475E-9408-DF65FA09B7F2} = {B69127D0-2155-4385-AB1A-107AB736F685}
		{4C60318D-C778-4C18-91A3-BA41A5021E6F} = {B69127D0-2155-4385-AB1A-107AB736F685}
		{AE68CC7C-06F5-488E-B221-38F104675845} = {B69127D0-2155-4385-AB1A-107AB736F685}
		{CF6F7ED0-20C6-4DA2-B3DD-FBB76611EFBC} = {B69127D0-2155-4385-AB1A-107AB736F685}
		{08832882-292E-4C06-A771-058FA54137ED} = {B71C3B1B-C7A5-49A6-A96A-D702C92E79FE}
		{355E71C6-9503-4287-9DFD-CF5607C28268} = {B71C3B1B-C7A5-49A6-A96A-D702C92E79FE}
		{3476C4EF-8DD8-40EC-A89D-151DAD3BE119} = {B71C3B1B-C7A5-49A6-A96A-D702C92E79FE}
		{FDD4BB53-A7A9-4728-AFE3-D6E7703E8236} = {EBC2127A-FE77-4205-A34A-A0B447B464BA}
		{B05346F7-05EB-4DDA-97A8-7AD10212F62B} = {EBC2127A-FE77-4205-A34A-A0B447B464BA}
		{95262D11-F006-4790-9F64-B8CC3EC7E3F1} = {EBC2127A-FE77-4205-A34A-A0B447B464BA}
	EndGlobalSection
	GlobalSection(ExtensibilityGlobals) = postSolution
		SolutionGuid = {96CC614F-E940-4D9D-9025-CFBB905CC98B}
	EndGlobalSection
EndGlobal
